
Microsoft Visual Studio Solution File, Format Version 12.00
# Visual Studio Version 17
VisualStudioVersion = 17.9.34714.143
MinimumVisualStudioVersion = 10.0.40219.1
Project("{9A19103F-16F7-4668-BE54-9A1E7A4F7556}") = "AeronPublisher", "AeronPublisher\AeronPublisher.csproj", "{A5466193-684B-4E26-9F57-811E01E87773}"
EndProject
Project("{9A19103F-16F7-4668-BE54-9A1E7A4F7556}") = "AeronArchiver", "AeronArchiver\AeronArchiver.csproj", "{27315380-4625-4723-B7FB-515872D8BE20}"
EndProject
Project("{FAE04EC0-301F-11D3-BF4B-00C04F79EFBC}") = "AeronSubscriber", "AeronSubscriber\AeronSubscriber.csproj", "{78B79DE5-4024-4651-9F7B-F3D59277429D}"
EndProject
Global
	GlobalSection(SolutionConfigurationPlatforms) = preSolution
		Debug|Any CPU = Debug|Any CPU
		Release|Any CPU = Release|Any CPU
	EndGlobalSection
	GlobalSection(ProjectConfigurationPlatforms) = postSolution
		{A5466193-684B-4E26-9F57-811E01E87773}.Debug|Any CPU.ActiveCfg = Debug|Any CPU
		{A5466193-684B-4E26-9F57-811E01E87773}.Debug|Any CPU.Build.0 = Debug|Any CPU
		{A5466193-684B-4E26-9F57-811E01E87773}.Release|Any CPU.ActiveCfg = Release|Any CPU
		{A5466193-684B-4E26-9F57-811E01E87773}.Release|Any CPU.Build.0 = Release|Any CPU
		{27315380-4625-4723-B7FB-515872D8BE20}.Debug|Any CPU.ActiveCfg = Debug|Any CPU
		{27315380-4625-4723-B7FB-515872D8BE20}.Debug|Any CPU.Build.0 = Debug|Any CPU
		{27315380-4625-4723-B7FB-515872D8BE20}.Release|Any CPU.ActiveCfg = Release|Any CPU
		{27315380-4625-4723-B7FB-515872D8BE20}.Release|Any CPU.Build.0 = Release|Any CPU
		{78B79DE5-4024-4651-9F7B-F3D59277429D}.Debug|Any CPU.ActiveCfg = Debug|Any CPU
		{78B79DE5-4024-4651-9F7B-F3D59277429D}.Debug|Any CPU.Build.0 = Debug|Any CPU
		{78B79DE5-4024-4651-9F7B-F3D59277429D}.Release|Any CPU.ActiveCfg = Release|Any CPU
		{78B79DE5-4024-4651-9F7B-F3D59277429D}.Release|Any CPU.Build.0 = Release|Any CPU
	EndGlobalSection
	GlobalSection(SolutionProperties) = preSolution
		HideSolutionNode = FALSE
	EndGlobalSection
	GlobalSection(ExtensibilityGlobals) = postSolution
		SolutionGuid = {DBAE0721-33DE-4076-81D2-DAF9D1B03F2A}
	EndGlobalSection
EndGlobal
